# THIS IS AN AUTOGENERATED FILE. DO NOT EDIT THIS FILE DIRECTLY.
# yarn lockfile v1


babel-runtime@^6.11.6:
  version "6.23.0"
  resolved "https://registry.yarnpkg.com/babel-runtime/-/babel-runtime-6.23.0.tgz#0a9489f144de70efb3ce4300accdb329e2fc543b"
  dependencies:
    core-js "^2.4.0"
    regenerator-runtime "^0.10.0"

buffer-to-arraybuffer@0.0.4:
  version "0.0.4"
  resolved "https://registry.yarnpkg.com/buffer-to-arraybuffer/-/buffer-to-arraybuffer-0.0.4.tgz#f3e5e3f6f2632c71e7cdebe76ed1718fad421d4c"

core-js@^2.4.0:
  version "2.4.1"
  resolved "https://registry.yarnpkg.com/core-js/-/core-js-2.4.1.tgz#4de911e667b0eae9124e34254b53aea6fc618d3e"

encoding@^0.1.11:
  version "0.1.12"
  resolved "https://registry.yarnpkg.com/encoding/-/encoding-0.1.12.tgz#538b66f3ee62cd1ab51ec323829d1f9480c74beb"
  dependencies:
    iconv-lite "~0.4.13"

iconv-lite@~0.4.13:
  version "0.4.15"
  resolved "https://registry.yarnpkg.com/iconv-lite/-/iconv-lite-0.4.15.tgz#fe265a218ac6a57cfe854927e9d04c19825eddeb"

is-stream@^1.0.1:
  version "1.1.0"
  resolved "https://registry.yarnpkg.com/is-stream/-/is-stream-1.1.0.tgz#12d4a3dd4e68e0b79ceb8dbc84173ae80d91ca44"

node-fetch@2.0.0-alpha.3:
  version "2.0.0-alpha.3"
  resolved "https://registry.yarnpkg.com/node-fetch/-/node-fetch-2.0.0-alpha.3.tgz#8031bded671c806e4604c16b27ab1973b4fe88cc"
  dependencies:
    babel-runtime "^6.11.6"
    buffer-to-arraybuffer "0.0.4"
    encoding "^0.1.11"
    is-stream "^1.0.1"

options@>=0.0.5:
  version "0.0.6"
  resolved "https://registry.yarnpkg.com/options/-/options-0.0.6.tgz#ec22d312806bb53e731773e7cdaefcf1c643128f"

regenerator-runtime@^0.10.0:
  version "0.10.3"
  resolved "https://registry.yarnpkg.com/regenerator-runtime/-/regenerator-runtime-0.10.3.tgz#8c4367a904b51ea62a908ac310bf99ff90a82a3e"

slack@^8.2.2:
  version "8.2.2"
  resolved "https://registry.yarnpkg.com/slack/-/slack-8.2.2.tgz#2931162e21d0b6215e4e303364d8ca330eba8b96"
  dependencies:
    tiny-json-http "^1.0.3"
    ws "^1.1.1"

syncano-server@beta:
  version "0.7.2-29"
  resolved "https://registry.yarnpkg.com/syncano-server/-/syncano-server-0.7.2-29.tgz#bb752decba54f889b8399241f30fbedeb7d8e3e0"
  dependencies:
    node-fetch "2.0.0-alpha.3"

tiny-json-http@^1.0.3:
  version "1.0.3"
  resolved "https://registry.yarnpkg.com/tiny-json-http/-/tiny-json-http-1.0.3.tgz#1b0601d8514cd10f7d5e6c2a4ab52d3b68784843"

ultron@1.0.x:
  version "1.0.2"
  resolved "https://registry.yarnpkg.com/ultron/-/ultron-1.0.2.tgz#ace116ab557cd197386a4e88f4685378c8b2e4fa"

ws@^1.1.1:
  version "1.1.4"
  resolved "https://registry.yarnpkg.com/ws/-/ws-1.1.4.tgz#57f40d036832e5f5055662a397c4de76ed66bf61"
  dependencies:
    options ">=0.0.5"
    ultron "1.0.x"
